
Microsoft Visual Studio Solution File, Format Version 12.00
# Visual Studio Version 16
VisualStudioVersion = 16.0.31624.102
MinimumVisualStudioVersion = 10.0.40219.1
Project("{9A19103F-16F7-4668-BE54-9A1E7A4F7556}") = "Patient_Manager", "Patient_Manager\Patient_Manager.csproj", "{8D816790-7DF9-4FFE-9B5B-F2E1C30DA3AF}"
EndProject
Project("{9A19103F-16F7-4668-BE54-9A1E7A4F7556}") = "BusinessLayer", "BusinessLayer\BusinessLayer.csproj", "{5DE3123C-CECA-4B85-9779-9ED4D9965394}"
EndProject
Project("{9A19103F-16F7-4668-BE54-9A1E7A4F7556}") = "Database", "Database\Database.csproj", "{4F25C942-344B-4618-B8B2-0C7706AFF3AB}"
EndProject
Project("{9A19103F-16F7-4668-BE54-9A1E7A4F7556}") = "EmailHandler", "EmailHandler\EmailHandler.csproj", "{9D55835D-DF9A-4C42-8AC6-8901574FBDE0}"
EndProject
Global
	GlobalSection(SolutionConfigurationPlatforms) = preSolution
		Debug|Any CPU = Debug|Any CPU
		Release|Any CPU = Release|Any CPU
	EndGlobalSection
	GlobalSection(ProjectConfigurationPlatforms) = postSolution
		{8D816790-7DF9-4FFE-9B5B-F2E1C30DA3AF}.Debug|Any CPU.ActiveCfg = Debug|Any CPU
		{8D816790-7DF9-4FFE-9B5B-F2E1C30DA3AF}.Debug|Any CPU.Build.0 = Debug|Any CPU
		{8D816790-7DF9-4FFE-9B5B-F2E1C30DA3AF}.Release|Any CPU.ActiveCfg = Release|Any CPU
		{8D816790-7DF9-4FFE-9B5B-F2E1C30DA3AF}.Release|Any CPU.Build.0 = Release|Any CPU
		{5DE3123C-CECA-4B85-9779-9ED4D9965394}.Debug|Any CPU.ActiveCfg = Debug|Any CPU
		{5DE3123C-CECA-4B85-9779-9ED4D9965394}.Debug|Any CPU.Build.0 = Debug|Any CPU
		{5DE3123C-CECA-4B85-9779-9ED4D9965394}.Release|Any CPU.ActiveCfg = Release|Any CPU
		{5DE3123C-CECA-4B85-9779-9ED4D9965394}.Release|Any CPU.Build.0 = Release|Any CPU
		{4F25C942-344B-4618-B8B2-0C7706AFF3AB}.Debug|Any CPU.ActiveCfg = Debug|Any CPU
		{4F25C942-344B-4618-B8B2-0C7706AFF3AB}.Debug|Any CPU.Build.0 = Debug|Any CPU
		{4F25C942-344B-4618-B8B2-0C7706AFF3AB}.Release|Any CPU.ActiveCfg = Release|Any CPU
		{4F25C942-344B-4618-B8B2-0C7706AFF3AB}.Release|Any CPU.Build.0 = Release|Any CPU
		{9D55835D-DF9A-4C42-8AC6-8901574FBDE0}.Debug|Any CPU.ActiveCfg = Debug|Any CPU
		{9D55835D-DF9A-4C42-8AC6-8901574FBDE0}.Debug|Any CPU.Build.0 = Debug|Any CPU
		{9D55835D-DF9A-4C42-8AC6-8901574FBDE0}.Release|Any CPU.ActiveCfg = Release|Any CPU
		{9D55835D-DF9A-4C42-8AC6-8901574FBDE0}.Release|Any CPU.Build.0 = Release|Any CPU
	EndGlobalSection
	GlobalSection(SolutionProperties) = preSolution
		HideSolutionNode = FALSE
	EndGlobalSection
	GlobalSection(ExtensibilityGlobals) = postSolution
		SolutionGuid = {8BF2E088-5D9A-4DFE-B292-640AC63E811D}
	EndGlobalSection
EndGlobal
